
Microsoft Visual Studio Solution File, Format Version 12.00
# Visual Studio Version 17
VisualStudioVersion = 17.9.34723.18
MinimumVisualStudioVersion = 10.0.40219.1
Project("{FAE04EC0-301F-11D3-BF4B-00C04F79EFBC}") = "FarmIconOnLoadScreen", "FarmIconOnLoadScreen.csproj", "{DF33B31C-21B9-4C23-9BA6-E3FAD6B81E5C}"
EndProject
Global
	GlobalSection(SolutionConfigurationPlatforms) = preSolution
		Debug|Any CPU = Debug|Any CPU
		Release|Any CPU = Release|Any CPU
	EndGlobalSection
	GlobalSection(ProjectConfigurationPlatforms) = postSolution
		{DF33B31C-21B9-4C23-9BA6-E3FAD6B81E5C}.Debug|Any CPU.ActiveCfg = Debug|Any CPU
		{DF33B31C-21B9-4C23-9BA6-E3FAD6B81E5C}.Debug|Any CPU.Build.0 = Debug|Any CPU
		{DF33B31C-21B9-4C23-9BA6-E3FAD6B81E5C}.Release|Any CPU.ActiveCfg = Release|Any CPU
		{DF33B31C-21B9-4C23-9BA6-E3FAD6B81E5C}.Release|Any CPU.Build.0 = Release|Any CPU
	EndGlobalSection
	GlobalSection(SolutionProperties) = preSolution
		HideSolutionNode = FALSE
	EndGlobalSection
	GlobalSection(ExtensibilityGlobals) = postSolution
		SolutionGuid = {FE4CDE58-2A25-48D8-895A-2E2F1DFC2524}
	EndGlobalSection
EndGlobal
