
Microsoft Visual Studio Solution File, Format Version 12.00
# Visual Studio Version 17
VisualStudioVersion = 17.9.34723.18
MinimumVisualStudioVersion = 10.0.40219.1
Project("{FAE04EC0-301F-11D3-BF4B-00C04F79EFBC}") = "PrairieKingLevelSelect", "PrairieKingLevelSelect.csproj", "{C81A1310-029C-4E48-AFEC-C8D5F17B8CD5}"
EndProject
Global
	GlobalSection(SolutionConfigurationPlatforms) = preSolution
		Debug|Any CPU = Debug|Any CPU
		Release|Any CPU = Release|Any CPU
	EndGlobalSection
	GlobalSection(ProjectConfigurationPlatforms) = postSolution
		{C81A1310-029C-4E48-AFEC-C8D5F17B8CD5}.Debug|Any CPU.ActiveCfg = Debug|Any CPU
		{C81A1310-029C-4E48-AFEC-C8D5F17B8CD5}.Debug|Any CPU.Build.0 = Debug|Any CPU
		{C81A1310-029C-4E48-AFEC-C8D5F17B8CD5}.Release|Any CPU.ActiveCfg = Release|Any CPU
		{C81A1310-029C-4E48-AFEC-C8D5F17B8CD5}.Release|Any CPU.Build.0 = Release|Any CPU
	EndGlobalSection
	GlobalSection(SolutionProperties) = preSolution
		HideSolutionNode = FALSE
	EndGlobalSection
	GlobalSection(ExtensibilityGlobals) = postSolution
		SolutionGuid = {005AB729-4A9B-4858-8D28-CDBB6AB54A08}
	EndGlobalSection
EndGlobal
